
Microsoft Visual Studio Solution File, Format Version 12.00
# Visual Studio Version 17
VisualStudioVersion = 17.14.36301.6 d17.14
MinimumVisualStudioVersion = 10.0.40219.1
Project("{FAE04EC0-301F-11D3-BF4B-00C04F79EFBC}") = "Canada Hunts", "Canada Hunts.csproj", "{0D4DCEC4-A9ED-4F6B-823D-A7E07C134CAA}"
EndProject
Global
	GlobalSection(SolutionConfigurationPlatforms) = preSolution
		Debug|Any CPU = Debug|Any CPU
		Release|Any CPU = Release|Any CPU
	EndGlobalSection
	GlobalSection(ProjectConfigurationPlatforms) = postSolution
		{0D4DCEC4-A9ED-4F6B-823D-A7E07C134CAA}.Debug|Any CPU.ActiveCfg = Debug|Any CPU
		{0D4DCEC4-A9ED-4F6B-823D-A7E07C134CAA}.Debug|Any CPU.Build.0 = Debug|Any CPU
		{0D4DCEC4-A9ED-4F6B-823D-A7E07C134CAA}.Release|Any CPU.ActiveCfg = Release|Any CPU
		{0D4DCEC4-A9ED-4F6B-823D-A7E07C134CAA}.Release|Any CPU.Build.0 = Release|Any CPU
	EndGlobalSection
	GlobalSection(SolutionProperties) = preSolution
		HideSolutionNode = FALSE
	EndGlobalSection
	GlobalSection(ExtensibilityGlobals) = postSolution
		SolutionGuid = {92C8C85D-6B6C-475F-8F28-C83C30126532}
	EndGlobalSection
EndGlobal
